
Microsoft Visual Studio Solution File, Format Version 10.00
# Visual Studio 2008
Project("{8BC9CEB8-8B4A-11D0-8D11-00A0C91BC942}") = "File_Extractor", "File_Extractor2008.vcproj", "{7AEC599C-7C82-4F00-AA60-411E0A359CB0}"
EndProject
Global
	GlobalSection(SolutionConfigurationPlatforms) = preSolution
		Debug|Win32 = Debug|Win32
		Debug|Xbox 360 = Debug|Xbox 360
		Release|Win32 = Release|Win32
		Release|Xbox 360 = Release|Xbox 360
	EndGlobalSection
	GlobalSection(ProjectConfigurationPlatforms) = postSolution
		{7AEC599C-7C82-4F00-AA60-411E0A359CB0}.Debug|Win32.ActiveCfg = Debug|Win32
		{7AEC599C-7C82-4F00-AA60-411E0A359CB0}.Debug|Win32.Build.0 = Debug|Win32
		{7AEC599C-7C82-4F00-AA60-411E0A359CB0}.Debug|Xbox 360.ActiveCfg = Debug|Xbox 360
		{7AEC599C-7C82-4F00-AA60-411E0A359CB0}.Debug|Xbox 360.Build.0 = Debug|Xbox 360
		{7AEC599C-7C82-4F00-AA60-411E0A359CB0}.Release|Win32.ActiveCfg = Release|Win32
		{7AEC599C-7C82-4F00-AA60-411E0A359CB0}.Release|Win32.Build.0 = Release|Win32
		{7AEC599C-7C82-4F00-AA60-411E0A359CB0}.Release|Xbox 360.ActiveCfg = Release|Xbox 360
		{7AEC599C-7C82-4F00-AA60-411E0A359CB0}.Release|Xbox 360.Build.0 = Release|Xbox 360
	EndGlobalSection
	GlobalSection(SolutionProperties) = preSolution
		HideSolutionNode = FALSE
	EndGlobalSection
EndGlobal
